{
  "object": {
    "pins": [
      {
        "package": "AgroAPI",
        "repositoryURL": "https://github.com/workingDog/AgroAPI.git",
        "state": {
          "branch": null,
          "revision": "55183913827818f637ad5cfafe4a5a2258d401f6",
          "version": "0.1.2"
        }
      }
    ]
  },
  "version": 1
}
