{
  "object": {
    "pins": [
      {
        "package": "AgroAPI",
        "repositoryURL": "https://github.com/workingDog/AgroAPI.git",
        "state": {
          "branch": null,
          "revision": "8cade071484338dc626a22e6bb5744bd2c9cbcdb",
          "version": "0.1.3"
        }
      }
    ]
  },
  "version": 1
}
